
Microsoft Visual Studio Solution File, Format Version 12.00
# Visual Studio Version 17
VisualStudioVersion = 17.7.34009.444
MinimumVisualStudioVersion = 10.0.40219.1
Project("{FAE04EC0-301F-11D3-BF4B-00C04F79EFBC}") = "Asp .Net Core 6 Controllers and Others", "Asp .Net Core 6 Controllers and Others.csproj", "{42E60658-A0F3-4D7D-A634-BFA56B314966}"
EndProject
Global
	GlobalSection(SolutionConfigurationPlatforms) = preSolution
		Debug|Any CPU = Debug|Any CPU
		Release|Any CPU = Release|Any CPU
	EndGlobalSection
	GlobalSection(ProjectConfigurationPlatforms) = postSolution
		{42E60658-A0F3-4D7D-A634-BFA56B314966}.Debug|Any CPU.ActiveCfg = Debug|Any CPU
		{42E60658-A0F3-4D7D-A634-BFA56B314966}.Debug|Any CPU.Build.0 = Debug|Any CPU
		{42E60658-A0F3-4D7D-A634-BFA56B314966}.Release|Any CPU.ActiveCfg = Release|Any CPU
		{42E60658-A0F3-4D7D-A634-BFA56B314966}.Release|Any CPU.Build.0 = Release|Any CPU
	EndGlobalSection
	GlobalSection(SolutionProperties) = preSolution
		HideSolutionNode = FALSE
	EndGlobalSection
	GlobalSection(ExtensibilityGlobals) = postSolution
		SolutionGuid = {8AE475A1-CAA6-4A06-A69A-9DB0E0C0523F}
	EndGlobalSection
EndGlobal
